<Solution>
  <Folder Name="/samples/">
    <Project Path="samples/LegacyHost/LegacyHost.csproj" />
    <Project Path="samples/ModernHost/ModernHost.csproj" />
  </Folder>
  <Folder Name="/src/">
    <Project Path="src/Fhi.Munin.Explorer/Fhi.Munin.Explorer.csproj" />
  </Folder>
  <Folder Name="/test/">
    <Project Path="test/Fhi.Munin.Explorer.Tests/Fhi.Munin.Explorer.Tests.csproj" />
  </Folder>
</Solution>
